
Microsoft Visual Studio Solution File, Format Version 12.00
# Visual Studio Version 16
VisualStudioVersion = 16.0.32106.194
MinimumVisualStudioVersion = 10.0.40219.1
Project("{8BC9CEB8-8B4A-11D0-8D11-00A0C91BC942}") = "chap03", "chap03\chap03.vcxproj", "{8824F712-6504-423B-8F7F-8CD7314CA9E9}"
EndProject
Global
	GlobalSection(SolutionConfigurationPlatforms) = preSolution
		Debug|x64 = Debug|x64
		Debug|x86 = Debug|x86
		Release|x64 = Release|x64
		Release|x86 = Release|x86
	EndGlobalSection
	GlobalSection(ProjectConfigurationPlatforms) = postSolution
		{8824F712-6504-423B-8F7F-8CD7314CA9E9}.Debug|x64.ActiveCfg = Debug|x64
		{8824F712-6504-423B-8F7F-8CD7314CA9E9}.Debug|x64.Build.0 = Debug|x64
		{8824F712-6504-423B-8F7F-8CD7314CA9E9}.Debug|x86.ActiveCfg = Debug|Win32
		{8824F712-6504-423B-8F7F-8CD7314CA9E9}.Debug|x86.Build.0 = Debug|Win32
		{8824F712-6504-423B-8F7F-8CD7314CA9E9}.Release|x64.ActiveCfg = Release|x64
		{8824F712-6504-423B-8F7F-8CD7314CA9E9}.Release|x64.Build.0 = Release|x64
		{8824F712-6504-423B-8F7F-8CD7314CA9E9}.Release|x86.ActiveCfg = Release|Win32
		{8824F712-6504-423B-8F7F-8CD7314CA9E9}.Release|x86.Build.0 = Release|Win32
	EndGlobalSection
	GlobalSection(SolutionProperties) = preSolution
		HideSolutionNode = FALSE
	EndGlobalSection
	GlobalSection(ExtensibilityGlobals) = postSolution
		SolutionGuid = {D2B69DF0-64FF-4B4C-8F04-9C6E84E887AE}
	EndGlobalSection
EndGlobal
